
Microsoft Visual Studio Solution File, Format Version 12.00
# Visual Studio Version 17
VisualStudioVersion = 17.9.34622.214
MinimumVisualStudioVersion = 10.0.40219.1
Project("{FAE04EC0-301F-11D3-BF4B-00C04F79EFBC}") = "TCPServer1", "TCPServer1\TCPServer1.csproj", "{98FA57EF-EF80-4135-BA4D-6AC2F2FD1958}"
EndProject
Global
	GlobalSection(SolutionConfigurationPlatforms) = preSolution
		Debug|Any CPU = Debug|Any CPU
		Release|Any CPU = Release|Any CPU
	EndGlobalSection
	GlobalSection(ProjectConfigurationPlatforms) = postSolution
		{98FA57EF-EF80-4135-BA4D-6AC2F2FD1958}.Debug|Any CPU.ActiveCfg = Debug|Any CPU
		{98FA57EF-EF80-4135-BA4D-6AC2F2FD1958}.Debug|Any CPU.Build.0 = Debug|Any CPU
		{98FA57EF-EF80-4135-BA4D-6AC2F2FD1958}.Release|Any CPU.ActiveCfg = Release|Any CPU
		{98FA57EF-EF80-4135-BA4D-6AC2F2FD1958}.Release|Any CPU.Build.0 = Release|Any CPU
	EndGlobalSection
	GlobalSection(SolutionProperties) = preSolution
		HideSolutionNode = FALSE
	EndGlobalSection
	GlobalSection(ExtensibilityGlobals) = postSolution
		SolutionGuid = {3541FEDF-326D-4178-BCEE-EA8220D8BE53}
	EndGlobalSection
EndGlobal
